
Microsoft Visual Studio Solution File, Format Version 12.00
Project("{FAE04EC0-301F-11D3-BF4B-00C04F79EFBC}") = "Blog", "Blog\Blog.csproj", "{6EFB9B83-DD9F-4537-9CDE-F63BD7AC7DAD}"
EndProject
Project("{FAE04EC0-301F-11D3-BF4B-00C04F79EFBC}") = "Data", "Data\Data.csproj", "{55100274-00D7-4622-9BC6-CE16EB14A962}"
EndProject
Project("{FAE04EC0-301F-11D3-BF4B-00C04F79EFBC}") = "WebApp", "WebApp\WebApp.csproj", "{4E682FF9-689A-4FEF-8522-8A02C7A4DEDA}"
EndProject
Global
	GlobalSection(SolutionConfigurationPlatforms) = preSolution
		Debug|Any CPU = Debug|Any CPU
		Release|Any CPU = Release|Any CPU
	EndGlobalSection
	GlobalSection(ProjectConfigurationPlatforms) = postSolution
		{6EFB9B83-DD9F-4537-9CDE-F63BD7AC7DAD}.Debug|Any CPU.ActiveCfg = Debug|Any CPU
		{6EFB9B83-DD9F-4537-9CDE-F63BD7AC7DAD}.Debug|Any CPU.Build.0 = Debug|Any CPU
		{6EFB9B83-DD9F-4537-9CDE-F63BD7AC7DAD}.Release|Any CPU.ActiveCfg = Release|Any CPU
		{6EFB9B83-DD9F-4537-9CDE-F63BD7AC7DAD}.Release|Any CPU.Build.0 = Release|Any CPU
		{55100274-00D7-4622-9BC6-CE16EB14A962}.Debug|Any CPU.ActiveCfg = Debug|Any CPU
		{55100274-00D7-4622-9BC6-CE16EB14A962}.Debug|Any CPU.Build.0 = Debug|Any CPU
		{55100274-00D7-4622-9BC6-CE16EB14A962}.Release|Any CPU.ActiveCfg = Release|Any CPU
		{55100274-00D7-4622-9BC6-CE16EB14A962}.Release|Any CPU.Build.0 = Release|Any CPU
		{4E682FF9-689A-4FEF-8522-8A02C7A4DEDA}.Debug|Any CPU.ActiveCfg = Debug|Any CPU
		{4E682FF9-689A-4FEF-8522-8A02C7A4DEDA}.Debug|Any CPU.Build.0 = Debug|Any CPU
		{4E682FF9-689A-4FEF-8522-8A02C7A4DEDA}.Release|Any CPU.ActiveCfg = Release|Any CPU
		{4E682FF9-689A-4FEF-8522-8A02C7A4DEDA}.Release|Any CPU.Build.0 = Release|Any CPU
	EndGlobalSection
EndGlobal
